{
  "name": "financial_to_excel",
  "version": "1.0.0",
  "lockfileVersion": 2,
  "requires": true,
  "packages": {
    "": {
      "name": "financial_to_excel",
      "version": "1.0.0",
      "license": "MIT",
      "dependencies": {
        "openpyxl": "^3.0.10"
      }
    },
    "node_modules/openpyxl": {
      "version": "3.0.10",
      "resolved": "https://registry.npmjs.org/openpyxl/-/openpyxl-3.0.10.tgz",
      "integrity": "sha512-dummyintegrityhash",
      "license": "MIT"
    }
  },
  "dependencies": {
    "openpyxl": {
      "version": "3.0.10",
      "resolved": "https://registry.npmjs.org/openpyxl/-/openpyxl-3.0.10.tgz",
      "integrity": "sha512-dummyintegrityhash",
      "license": "MIT"
    }
  }
}
